
Microsoft Visual Studio Solution File, Format Version 12.00
# Visual Studio Version 17
VisualStudioVersion = 17.0.31903.59
MinimumVisualStudioVersion = 10.0.40219.1
Project("{FAE04EC0-301F-11D3-BF4B-00C04F79EFBC}") = "demo01.apiapp", "demo01.apiapp\demo01.apiapp.csproj", "{AC9EB030-13EC-4FEE-B8F5-A83BCC87BCB8}"
EndProject
Project("{FAE04EC0-301F-11D3-BF4B-00C04F79EFBC}") = "demo01.consoleapp", "demo01.consoleapp\demo01.consoleapp.csproj", "{8DB6CBC6-FEF2-4BC2-8700-C26138103C1A}"
EndProject
Global
	GlobalSection(SolutionConfigurationPlatforms) = preSolution
		Debug|Any CPU = Debug|Any CPU
		Release|Any CPU = Release|Any CPU
	EndGlobalSection
	GlobalSection(SolutionProperties) = preSolution
		HideSolutionNode = FALSE
	EndGlobalSection
	GlobalSection(ProjectConfigurationPlatforms) = postSolution
		{AC9EB030-13EC-4FEE-B8F5-A83BCC87BCB8}.Debug|Any CPU.ActiveCfg = Debug|Any CPU
		{AC9EB030-13EC-4FEE-B8F5-A83BCC87BCB8}.Debug|Any CPU.Build.0 = Debug|Any CPU
		{AC9EB030-13EC-4FEE-B8F5-A83BCC87BCB8}.Release|Any CPU.ActiveCfg = Release|Any CPU
		{AC9EB030-13EC-4FEE-B8F5-A83BCC87BCB8}.Release|Any CPU.Build.0 = Release|Any CPU
		{8DB6CBC6-FEF2-4BC2-8700-C26138103C1A}.Debug|Any CPU.ActiveCfg = Debug|Any CPU
		{8DB6CBC6-FEF2-4BC2-8700-C26138103C1A}.Debug|Any CPU.Build.0 = Debug|Any CPU
		{8DB6CBC6-FEF2-4BC2-8700-C26138103C1A}.Release|Any CPU.ActiveCfg = Release|Any CPU
		{8DB6CBC6-FEF2-4BC2-8700-C26138103C1A}.Release|Any CPU.Build.0 = Release|Any CPU
	EndGlobalSection
EndGlobal
