
Microsoft Visual Studio Solution File, Format Version 12.00
# Visual Studio Version 17
VisualStudioVersion = 17.10.35013.160
MinimumVisualStudioVersion = 10.0.40219.1
Project("{FAE04EC0-301F-11D3-BF4B-00C04F79EFBC}") = "demo02", "demo02.csproj", "{F80F979F-0B84-4DCD-AFF1-AA1E0B4038EC}"
EndProject
Global
	GlobalSection(SolutionConfigurationPlatforms) = preSolution
		Debug|Any CPU = Debug|Any CPU
		Release|Any CPU = Release|Any CPU
	EndGlobalSection
	GlobalSection(ProjectConfigurationPlatforms) = postSolution
		{F80F979F-0B84-4DCD-AFF1-AA1E0B4038EC}.Debug|Any CPU.ActiveCfg = Debug|Any CPU
		{F80F979F-0B84-4DCD-AFF1-AA1E0B4038EC}.Debug|Any CPU.Build.0 = Debug|Any CPU
		{F80F979F-0B84-4DCD-AFF1-AA1E0B4038EC}.Release|Any CPU.ActiveCfg = Release|Any CPU
		{F80F979F-0B84-4DCD-AFF1-AA1E0B4038EC}.Release|Any CPU.Build.0 = Release|Any CPU
	EndGlobalSection
	GlobalSection(SolutionProperties) = preSolution
		HideSolutionNode = FALSE
	EndGlobalSection
	GlobalSection(ExtensibilityGlobals) = postSolution
		SolutionGuid = {890988EE-BCEF-465C-9735-7D6FE8D70478}
	EndGlobalSection
EndGlobal
